
Microsoft Visual Studio Solution File, Format Version 12.00
# Visual Studio 15
VisualStudioVersion = 15.0.26730.15
MinimumVisualStudioVersion = 10.0.40219.1
Project("{FAE04EC0-301F-11D3-BF4B-00C04F79EFBC}") = "VisualStudioProject", "VisualStudioProject\VisualStudioProject.csproj", "{2AC4B31F-EC09-428E-A659-35AC79167EF0}"
EndProject
Global
	GlobalSection(SolutionConfigurationPlatforms) = preSolution
		Debug|Any CPU = Debug|Any CPU
		Release|Any CPU = Release|Any CPU
	EndGlobalSection
	GlobalSection(ProjectConfigurationPlatforms) = postSolution
		{2AC4B31F-EC09-428E-A659-35AC79167EF0}.Debug|Any CPU.ActiveCfg = Debug|Any CPU
		{2AC4B31F-EC09-428E-A659-35AC79167EF0}.Debug|Any CPU.Build.0 = Debug|Any CPU
		{2AC4B31F-EC09-428E-A659-35AC79167EF0}.Release|Any CPU.ActiveCfg = Release|Any CPU
		{2AC4B31F-EC09-428E-A659-35AC79167EF0}.Release|Any CPU.Build.0 = Release|Any CPU
	EndGlobalSection
	GlobalSection(SolutionProperties) = preSolution
		HideSolutionNode = FALSE
	EndGlobalSection
	GlobalSection(ExtensibilityGlobals) = postSolution
		SolutionGuid = {74468F37-5346-4A5F-87D2-5A89BDBEAC79}
	EndGlobalSection
EndGlobal
